
Microsoft Visual Studio Solution File, Format Version 12.00
# Visual Studio Version 16
VisualStudioVersion = 16.0.30523.141
MinimumVisualStudioVersion = 10.0.40219.1
Project("{9A19103F-16F7-4668-BE54-9A1E7A4F7556}") = "ECertAssessment.API", "ECertAssessment.API\ECertAssessment.API.csproj", "{DC510367-D056-42FB-AC6B-75F2E1B72DBE}"
EndProject
Project("{9A19103F-16F7-4668-BE54-9A1E7A4F7556}") = "ECertAssessment.Domain", "ECertAssessment.Domain\ECertAssessment.Domain.csproj", "{6A02C0A5-CF9D-433D-B863-9FD8AE8BA6F8}"
EndProject
Project("{9A19103F-16F7-4668-BE54-9A1E7A4F7556}") = "ECertAssessment.Application", "ECertAssessment.Application\ECertAssessment.Application.csproj", "{516AB5AA-72B8-4C19-8001-BB805E81CA08}"
EndProject
Project("{9A19103F-16F7-4668-BE54-9A1E7A4F7556}") = "ECertAssessment.Infrastructure", "ECertAssessment.Infrastructure\ECertAssessment.Infrastructure.csproj", "{9D6235C5-B790-42AB-B605-35BF0C837E89}"
EndProject
Project("{9A19103F-16F7-4668-BE54-9A1E7A4F7556}") = "ECertAssessment.MVC", "ECertAssessment.MVC\ECertAssessment.MVC.csproj", "{F2D43738-F288-4B1B-8EF4-339AE6170B9F}"
EndProject
Global
	GlobalSection(SolutionConfigurationPlatforms) = preSolution
		Debug|Any CPU = Debug|Any CPU
		Release|Any CPU = Release|Any CPU
	EndGlobalSection
	GlobalSection(ProjectConfigurationPlatforms) = postSolution
		{DC510367-D056-42FB-AC6B-75F2E1B72DBE}.Debug|Any CPU.ActiveCfg = Debug|Any CPU
		{DC510367-D056-42FB-AC6B-75F2E1B72DBE}.Debug|Any CPU.Build.0 = Debug|Any CPU
		{DC510367-D056-42FB-AC6B-75F2E1B72DBE}.Release|Any CPU.ActiveCfg = Release|Any CPU
		{DC510367-D056-42FB-AC6B-75F2E1B72DBE}.Release|Any CPU.Build.0 = Release|Any CPU
		{6A02C0A5-CF9D-433D-B863-9FD8AE8BA6F8}.Debug|Any CPU.ActiveCfg = Debug|Any CPU
		{6A02C0A5-CF9D-433D-B863-9FD8AE8BA6F8}.Debug|Any CPU.Build.0 = Debug|Any CPU
		{6A02C0A5-CF9D-433D-B863-9FD8AE8BA6F8}.Release|Any CPU.ActiveCfg = Release|Any CPU
		{6A02C0A5-CF9D-433D-B863-9FD8AE8BA6F8}.Release|Any CPU.Build.0 = Release|Any CPU
		{516AB5AA-72B8-4C19-8001-BB805E81CA08}.Debug|Any CPU.ActiveCfg = Debug|Any CPU
		{516AB5AA-72B8-4C19-8001-BB805E81CA08}.Debug|Any CPU.Build.0 = Debug|Any CPU
		{516AB5AA-72B8-4C19-8001-BB805E81CA08}.Release|Any CPU.ActiveCfg = Release|Any CPU
		{516AB5AA-72B8-4C19-8001-BB805E81CA08}.Release|Any CPU.Build.0 = Release|Any CPU
		{9D6235C5-B790-42AB-B605-35BF0C837E89}.Debug|Any CPU.ActiveCfg = Debug|Any CPU
		{9D6235C5-B790-42AB-B605-35BF0C837E89}.Debug|Any CPU.Build.0 = Debug|Any CPU
		{9D6235C5-B790-42AB-B605-35BF0C837E89}.Release|Any CPU.ActiveCfg = Release|Any CPU
		{9D6235C5-B790-42AB-B605-35BF0C837E89}.Release|Any CPU.Build.0 = Release|Any CPU
		{F2D43738-F288-4B1B-8EF4-339AE6170B9F}.Debug|Any CPU.ActiveCfg = Debug|Any CPU
		{F2D43738-F288-4B1B-8EF4-339AE6170B9F}.Debug|Any CPU.Build.0 = Debug|Any CPU
		{F2D43738-F288-4B1B-8EF4-339AE6170B9F}.Release|Any CPU.ActiveCfg = Release|Any CPU
		{F2D43738-F288-4B1B-8EF4-339AE6170B9F}.Release|Any CPU.Build.0 = Release|Any CPU
	EndGlobalSection
	GlobalSection(SolutionProperties) = preSolution
		HideSolutionNode = FALSE
	EndGlobalSection
	GlobalSection(ExtensibilityGlobals) = postSolution
		SolutionGuid = {246A400A-C8B9-4852-B201-CF22DEDC95A3}
	EndGlobalSection
EndGlobal
